// !$*UTF8*$!
{
	archiveVersion = 1;
	classes = {
	};
	objectVersion = 77;
	objects = {

/* Begin PBXBuildFile section */
		33B39DF22B55CD8F6E1F1E08 /* Embedded in Resources */ = {isa = PBXBuildFile; fileRef = D92C37C89B7499F03A3C9986 /* Embedded */; };
		CEAB8C5202B26CF8F0BE5581 /* Pods_SparklingGo.framework in Frameworks */ = {isa = PBXBuildFile; fileRef = 4B00F0DF4C89E15C31BC93A3 /* Pods_SparklingGo.framework */; };
/* End PBXBuildFile section */

/* Begin PBXFileReference section */
		105D1EA8BB03A87166570D75 /* Pods-SparklingGoTests.debug.xcconfig */ = {isa = PBXFileReference; includeInIndex = 1; lastKnownFileType = text.xcconfig; name = "Pods-SparklingGoTests.debug.xcconfig"; path = "Target Support Files/Pods-SparklingGoTests/Pods-SparklingGoTests.debug.xcconfig"; sourceTree = "<group>"; };
		34294AA1E3153C7FF24DA29D /* Pods_SparklingGoTests.framework */ = {isa = PBXFileReference; explicitFileType = wrapper.framework; includeInIndex = 0; path = Pods_SparklingGoTests.framework; sourceTree = BUILT_PRODUCTS_DIR; };
		44A4C3032E271D570011A613 /* SparklingMethodTests.xctest */ = {isa = PBXFileReference; explicitFileType = wrapper.cfbundle; includeInIndex = 0; path = SparklingMethodTests.xctest; sourceTree = BUILT_PRODUCTS_DIR; };
		44B59A872DE9041F00A05B89 /* SparklingGo.app */ = {isa = PBXFileReference; explicitFileType = wrapper.application; includeInIndex = 0; path = SparklingGo.app; sourceTree = BUILT_PRODUCTS_DIR; };
		44B59A982DE9042100A05B89 /* SparklingGoTests.xctest */ = {isa = PBXFileReference; explicitFileType = wrapper.cfbundle; includeInIndex = 0; path = SparklingGoTests.xctest; sourceTree = BUILT_PRODUCTS_DIR; };
		44B59AA22DE9042100A05B89 /* SparklingGoUITests.xctest */ = {isa = PBXFileReference; explicitFileType = wrapper.cfbundle; includeInIndex = 0; path = SparklingGoUITests.xctest; sourceTree = BUILT_PRODUCTS_DIR; };
		4B00F0DF4C89E15C31BC93A3 /* Pods_SparklingGo.framework */ = {isa = PBXFileReference; explicitFileType = wrapper.framework; includeInIndex = 0; path = Pods_SparklingGo.framework; sourceTree = BUILT_PRODUCTS_DIR; };
		80857B85C0422883390B2606 /* Pods_SparklingMethodTests.framework */ = {isa = PBXFileReference; explicitFileType = wrapper.framework; includeInIndex = 0; path = Pods_SparklingMethodTests.framework; sourceTree = BUILT_PRODUCTS_DIR; };
		8C76000D4A2F6C5E1542B66F /* Pods-SparklingMethodTests.debug.xcconfig */ = {isa = PBXFileReference; includeInIndex = 1; lastKnownFileType = text.xcconfig; name = "Pods-SparklingMethodTests.debug.xcconfig"; path = "Target Support Files/Pods-SparklingMethodTests/Pods-SparklingMethodTests.debug.xcconfig"; sourceTree = "<group>"; };
		8CA3C88BC922913EC94B79D5 /* Pods-SparklingGo.release.xcconfig */ = {isa = PBXFileReference; includeInIndex = 1; lastKnownFileType = text.xcconfig; name = "Pods-SparklingGo.release.xcconfig"; path = "Target Support Files/Pods-SparklingGo/Pods-SparklingGo.release.xcconfig"; sourceTree = "<group>"; };
		9AD74935FFBD17E3B3D4E69A /* Pods_SparklingGoUITests.framework */ = {isa = PBXFileReference; explicitFileType = wrapper.framework; includeInIndex = 0; path = Pods_SparklingGoUITests.framework; sourceTree = BUILT_PRODUCTS_DIR; };
		B5E42D779278857A5AAB06BF /* Pods-SparklingGoUITests.debug.xcconfig */ = {isa = PBXFileReference; includeInIndex = 1; lastKnownFileType = text.xcconfig; name = "Pods-SparklingGoUITests.debug.xcconfig"; path = "Target Support Files/Pods-SparklingGoUITests/Pods-SparklingGoUITests.debug.xcconfig"; sourceTree = "<group>"; };
		BEB0A8939FDC0E69DE1ACBE1 /* Pods-SparklingGoUITests.release.xcconfig */ = {isa = PBXFileReference; includeInIndex = 1; lastKnownFileType = text.xcconfig; name = "Pods-SparklingGoUITests.release.xcconfig"; path = "Target Support Files/Pods-SparklingGoUITests/Pods-SparklingGoUITests.release.xcconfig"; sourceTree = "<group>"; };
		C070511DD16ADB8A7E080D02 /* SparklingGoInHouse.app */ = {isa = PBXFileReference; explicitFileType = wrapper.application; includeInIndex = 0; path = SparklingGoInHouse.app; sourceTree = BUILT_PRODUCTS_DIR; };
		C492CACB668E9CA099F62A4E /* Pods-SparklingGoInHouse.debug.xcconfig */ = {isa = PBXFileReference; includeInIndex = 1; lastKnownFileType = text.xcconfig; name = "Pods-SparklingGoInHouse.debug.xcconfig"; path = "Target Support Files/Pods-SparklingGoInHouse/Pods-SparklingGoInHouse.debug.xcconfig"; sourceTree = "<group>"; };
		C50586CC4ECBC63F4329F466 /* Pods-SparklingMethodTests.release.xcconfig */ = {isa = PBXFileReference; includeInIndex = 1; lastKnownFileType = text.xcconfig; name = "Pods-SparklingMethodTests.release.xcconfig"; path = "Target Support Files/Pods-SparklingMethodTests/Pods-SparklingMethodTests.release.xcconfig"; sourceTree = "<group>"; };
		CF08A3181F6F8598B5B549B6 /* Pods-SparklingGoInHouse.release.xcconfig */ = {isa = PBXFileReference; includeInIndex = 1; lastKnownFileType = text.xcconfig; name = "Pods-SparklingGoInHouse.release.xcconfig"; path = "Target Support Files/Pods-SparklingGoInHouse/Pods-SparklingGoInHouse.release.xcconfig"; sourceTree = "<group>"; };
		D92C37C89B7499F03A3C9986 /* Embedded */ = {isa = PBXFileReference; includeInIndex = 1; lastKnownFileType = folder; path = Embedded; sourceTree = "<group>"; };
		E28DB50001F3EFBF06162E18 /* Pods-SparklingGo.debug.xcconfig */ = {isa = PBXFileReference; includeInIndex = 1; lastKnownFileType = text.xcconfig; name = "Pods-SparklingGo.debug.xcconfig"; path = "Target Support Files/Pods-SparklingGo/Pods-SparklingGo.debug.xcconfig"; sourceTree = "<group>"; };
		F7872262C3B07417CD3D64FD /* Pods_SparklingGoInHouse.framework */ = {isa = PBXFileReference; explicitFileType = wrapper.framework; includeInIndex = 0; path = Pods_SparklingGoInHouse.framework; sourceTree = BUILT_PRODUCTS_DIR; };
		FC9A690424F49FA47736FA61 /* Pods-SparklingGoTests.release.xcconfig */ = {isa = PBXFileReference; includeInIndex = 1; lastKnownFileType = text.xcconfig; name = "Pods-SparklingGoTests.release.xcconfig"; path = "Target Support Files/Pods-SparklingGoTests/Pods-SparklingGoTests.release.xcconfig"; sourceTree = "<group>"; };
/* End PBXFileReference section */

/* Begin PBXFileSystemSynchronizedRootGroup section */
		44B59A892DE9041F00A05B89 /* SparklingGo */ = {
			isa = PBXFileSystemSynchronizedRootGroup;
			exceptions = (
			);
			path = SparklingGo;
			sourceTree = "<group>";
		};
/* End PBXFileSystemSynchronizedRootGroup section */

/* Begin PBXFrameworksBuildPhase section */
		44B59A842DE9041F00A05B89 /* Frameworks */ = {
			isa = PBXFrameworksBuildPhase;
			buildActionMask = 2147483647;
			files = (
				CEAB8C5202B26CF8F0BE5581 /* Pods_SparklingGo.framework in Frameworks */,
			);
			runOnlyForDeploymentPostprocessing = 0;
		};
/* End PBXFrameworksBuildPhase section */

/* Begin PBXGroup section */
		2C26194B87B073C85741772F /* Frameworks */ = {
			isa = PBXGroup;
			children = (
				4B00F0DF4C89E15C31BC93A3 /* Pods_SparklingGo.framework */,
				34294AA1E3153C7FF24DA29D /* Pods_SparklingGoTests.framework */,
				9AD74935FFBD17E3B3D4E69A /* Pods_SparklingGoUITests.framework */,
				80857B85C0422883390B2606 /* Pods_SparklingMethodTests.framework */,
				F7872262C3B07417CD3D64FD /* Pods_SparklingGoInHouse.framework */,
			);
			name = Frameworks;
			sourceTree = "<group>";
		};
		44B59A7E2DE9041F00A05B89 = {
			isa = PBXGroup;
			children = (
				44B59A892DE9041F00A05B89 /* SparklingGo */,
				44B59A882DE9041F00A05B89 /* Products */,
				ADC955934F105445573B90AE /* Pods */,
				2C26194B87B073C85741772F /* Frameworks */,
				D92C37C89B7499F03A3C9986 /* Embedded */,
			);
			sourceTree = "<group>";
		};
		44B59A882DE9041F00A05B89 /* Products */ = {
			isa = PBXGroup;
			children = (
				44B59A872DE9041F00A05B89 /* SparklingGo.app */,
				44B59A982DE9042100A05B89 /* SparklingGoTests.xctest */,
				44B59AA22DE9042100A05B89 /* SparklingGoUITests.xctest */,
				44A4C3032E271D570011A613 /* SparklingMethodTests.xctest */,
				C070511DD16ADB8A7E080D02 /* SparklingGoInHouse.app */,
			);
			name = Products;
			sourceTree = "<group>";
		};
		ADC955934F105445573B90AE /* Pods */ = {
			isa = PBXGroup;
			children = (
				E28DB50001F3EFBF06162E18 /* Pods-SparklingGo.debug.xcconfig */,
				8CA3C88BC922913EC94B79D5 /* Pods-SparklingGo.release.xcconfig */,
				105D1EA8BB03A87166570D75 /* Pods-SparklingGoTests.debug.xcconfig */,
				FC9A690424F49FA47736FA61 /* Pods-SparklingGoTests.release.xcconfig */,
				B5E42D779278857A5AAB06BF /* Pods-SparklingGoUITests.debug.xcconfig */,
				BEB0A8939FDC0E69DE1ACBE1 /* Pods-SparklingGoUITests.release.xcconfig */,
				8C76000D4A2F6C5E1542B66F /* Pods-SparklingMethodTests.debug.xcconfig */,
				C50586CC4ECBC63F4329F466 /* Pods-SparklingMethodTests.release.xcconfig */,
				C492CACB668E9CA099F62A4E /* Pods-SparklingGoInHouse.debug.xcconfig */,
				CF08A3181F6F8598B5B549B6 /* Pods-SparklingGoInHouse.release.xcconfig */,
			);
			path = Pods;
			sourceTree = "<group>";
		};
/* End PBXGroup section */

/* Begin PBXNativeTarget section */
		44B59A862DE9041F00A05B89 /* SparklingGo */ = {
			isa = PBXNativeTarget;
			buildConfigurationList = 44B59AAC2DE9042100A05B89 /* Build configuration list for PBXNativeTarget "SparklingGo" */;
			buildPhases = (
				9C984960EF9A3261DC49D691 /* [CP] Check Pods Manifest.lock */,
				44B59A832DE9041F00A05B89 /* Sources */,
				44B59A842DE9041F00A05B89 /* Frameworks */,
				44B59A852DE9041F00A05B89 /* Resources */,
				315282037A282E86F2DC3142 /* [CP] Copy Pods Resources */,
			);
			buildRules = (
			);
			dependencies = (
			);
			fileSystemSynchronizedGroups = (
				44B59A892DE9041F00A05B89 /* SparklingGo */,
			);
			name = SparklingGo;
			productName = SparklingGo;
			productReference = 44B59A872DE9041F00A05B89 /* SparklingGo.app */;
			productType = "com.apple.product-type.application";
		};
/* End PBXNativeTarget section */

/* Begin PBXProject section */
		44B59A7F2DE9041F00A05B89 /* Project object */ = {
			isa = PBXProject;
			attributes = {
				BuildIndependentTargetsInParallel = 1;
				LastSwiftUpdateCheck = 1610;
				LastUpgradeCheck = 1610;
				TargetAttributes = {
					44A4C3022E271D570011A613 = {
						CreatedOnToolsVersion = 16.1;
						LastSwiftMigration = 1610;
					};
					44B59A862DE9041F00A05B89 = {
						CreatedOnToolsVersion = 16.1;
					};
					44B59A972DE9042100A05B89 = {
						CreatedOnToolsVersion = 16.1;
						TestTargetID = 44B59A862DE9041F00A05B89;
					};
					44B59AA12DE9042100A05B89 = {
						CreatedOnToolsVersion = 16.1;
						TestTargetID = 44B59A862DE9041F00A05B89;
					};
					CC2835169C57443FEF969D50 = {
						CreatedOnToolsVersion = 16.1;
					};
				};
			};
			buildConfigurationList = 44B59A822DE9041F00A05B89 /* Build configuration list for PBXProject "SparklingGo" */;
			developmentRegion = en;
			hasScannedForEncodings = 0;
			knownRegions = (
				en,
			);
			mainGroup = 44B59A7E2DE9041F00A05B89;
			minimizedProjectReferenceProxies = 1;
			preferredProjectObjectVersion = 77;
			productRefGroup = 44B59A882DE9041F00A05B89 /* Products */;
			projectDirPath = "";
			projectRoot = "";
			targets = (
				44B59A862DE9041F00A05B89 /* SparklingGo */,
			);
		};
/* End PBXProject section */

/* Begin PBXResourcesBuildPhase section */
		44B59A852DE9041F00A05B89 /* Resources */ = {
			isa = PBXResourcesBuildPhase;
			buildActionMask = 2147483647;
			files = (
				33B39DF22B55CD8F6E1F1E08 /* Embedded in Resources */,
			);
			runOnlyForDeploymentPostprocessing = 0;
		};
/* End PBXResourcesBuildPhase section */

/* Begin PBXShellScriptBuildPhase section */
		315282037A282E86F2DC3142 /* [CP] Copy Pods Resources */ = {
			isa = PBXShellScriptBuildPhase;
			buildActionMask = 2147483647;
			files = (
			);
			inputFileListPaths = (
				"${PODS_ROOT}/Target Support Files/Pods-SparklingGo/Pods-SparklingGo-resources-${CONFIGURATION}-input-files.xcfilelist",
			);
			name = "[CP] Copy Pods Resources";
			outputFileListPaths = (
				"${PODS_ROOT}/Target Support Files/Pods-SparklingGo/Pods-SparklingGo-resources-${CONFIGURATION}-output-files.xcfilelist",
			);
			runOnlyForDeploymentPostprocessing = 0;
			shellPath = /bin/sh;
			shellScript = "\"${PODS_ROOT}/Target Support Files/Pods-SparklingGo/Pods-SparklingGo-resources.sh\"\n";
			showEnvVarsInLog = 0;
		};
		9C984960EF9A3261DC49D691 /* [CP] Check Pods Manifest.lock */ = {
			isa = PBXShellScriptBuildPhase;
			buildActionMask = 2147483647;
			files = (
			);
			inputFileListPaths = (
			);
			inputPaths = (
				"${PODS_PODFILE_DIR_PATH}/Podfile.lock",
				"${PODS_ROOT}/Manifest.lock",
			);
			name = "[CP] Check Pods Manifest.lock";
			outputFileListPaths = (
			);
			outputPaths = (
				"$(DERIVED_FILE_DIR)/Pods-SparklingGo-checkManifestLockResult.txt",
			);
			runOnlyForDeploymentPostprocessing = 0;
			shellPath = /bin/sh;
			shellScript = "diff \"${PODS_PODFILE_DIR_PATH}/Podfile.lock\" \"${PODS_ROOT}/Manifest.lock\" > /dev/null\nif [ $? != 0 ] ; then\n    # print error to STDERR\n    echo \"error: The sandbox is not in sync with the Podfile.lock. Run 'pod install' or update your CocoaPods installation.\" >&2\n    exit 1\nfi\n# This output is used by Xcode 'outputs' to avoid re-running this script phase.\necho \"SUCCESS\" > \"${SCRIPT_OUTPUT_FILE_0}\"\n";
			showEnvVarsInLog = 0;
		};
/* End PBXShellScriptBuildPhase section */

/* Begin PBXSourcesBuildPhase section */
		44B59A832DE9041F00A05B89 /* Sources */ = {
			isa = PBXSourcesBuildPhase;
			buildActionMask = 2147483647;
			files = (
			);
			runOnlyForDeploymentPostprocessing = 0;
		};
/* End PBXSourcesBuildPhase section */

/* Begin XCBuildConfiguration section */
		44B59AAA2DE9042100A05B89 /* Debug */ = {
			isa = XCBuildConfiguration;
			buildSettings = {
				ALWAYS_SEARCH_USER_PATHS = NO;
				ASSETCATALOG_COMPILER_GENERATE_SWIFT_ASSET_SYMBOL_EXTENSIONS = YES;
				CLANG_ANALYZER_NONNULL = YES;
				CLANG_ANALYZER_NUMBER_OBJECT_CONVERSION = YES_AGGRESSIVE;
				CLANG_CXX_LANGUAGE_STANDARD = "gnu++20";
				CLANG_ENABLE_MODULES = YES;
				CLANG_ENABLE_OBJC_ARC = YES;
				CLANG_ENABLE_OBJC_WEAK = YES;
				CLANG_WARN_BLOCK_CAPTURE_AUTORELEASING = YES;
				CLANG_WARN_BOOL_CONVERSION = YES;
				CLANG_WARN_COMMA = YES;
				CLANG_WARN_CONSTANT_CONVERSION = YES;
				CLANG_WARN_DEPRECATED_OBJC_IMPLEMENTATIONS = YES;
				CLANG_WARN_DIRECT_OBJC_ISA_USAGE = YES_ERROR;
				CLANG_WARN_DOCUMENTATION_COMMENTS = YES;
				CLANG_WARN_EMPTY_BODY = YES;
				CLANG_WARN_ENUM_CONVERSION = YES;
				CLANG_WARN_INFINITE_RECURSION = YES;
				CLANG_WARN_INT_CONVERSION = YES;
				CLANG_WARN_NON_LITERAL_NULL_CONVERSION = YES;
				CLANG_WARN_OBJC_IMPLICIT_RETAIN_SELF = YES;
				CLANG_WARN_OBJC_LITERAL_CONVERSION = YES;
				CLANG_WARN_OBJC_ROOT_CLASS = YES_ERROR;
				CLANG_WARN_QUOTED_INCLUDE_IN_FRAMEWORK_HEADER = YES;
				CLANG_WARN_RANGE_LOOP_ANALYSIS = YES;
				CLANG_WARN_STRICT_PROTOTYPES = YES;
				CLANG_WARN_SUSPICIOUS_MOVE = YES;
				CLANG_WARN_UNGUARDED_AVAILABILITY = YES_AGGRESSIVE;
				CLANG_WARN_UNREACHABLE_CODE = YES;
				CLANG_WARN__DUPLICATE_METHOD_MATCH = YES;
				COPY_PHASE_STRIP = NO;
				DEBUG_INFORMATION_FORMAT = dwarf;
				ENABLE_STRICT_OBJC_MSGSEND = YES;
				ENABLE_TESTABILITY = YES;
				ENABLE_USER_SCRIPT_SANDBOXING = YES;
				GCC_C_LANGUAGE_STANDARD = gnu17;
				GCC_DYNAMIC_NO_PIC = NO;
				GCC_NO_COMMON_BLOCKS = YES;
				GCC_OPTIMIZATION_LEVEL = 0;
				GCC_PREPROCESSOR_DEFINITIONS = (
					"DEBUG=1",
					"$(inherited)",
				);
				GCC_WARN_64_TO_32_BIT_CONVERSION = YES;
				GCC_WARN_ABOUT_RETURN_TYPE = YES_ERROR;
				GCC_WARN_UNDECLARED_SELECTOR = YES;
				GCC_WARN_UNINITIALIZED_AUTOS = YES_AGGRESSIVE;
				GCC_WARN_UNUSED_FUNCTION = YES;
				GCC_WARN_UNUSED_VARIABLE = YES;
				LOCALIZATION_PREFERS_STRING_CATALOGS = YES;
				MTL_ENABLE_DEBUG_INFO = INCLUDE_SOURCE;
				MTL_FAST_MATH = YES;
				ONLY_ACTIVE_ARCH = YES;
				SWIFT_ACTIVE_COMPILATION_CONDITIONS = "DEBUG $(inherited)";
				SWIFT_OBJC_BRIDGING_HEADER = "$(SRCROOT)/SparklingGo/SparklingGo/Bridging-Header.h";
				SWIFT_OPTIMIZATION_LEVEL = "-Onone";
			};
			name = Debug;
		};
		44B59AAB2DE9042100A05B89 /* Release */ = {
			isa = XCBuildConfiguration;
			buildSettings = {
				ALWAYS_SEARCH_USER_PATHS = NO;
				ASSETCATALOG_COMPILER_GENERATE_SWIFT_ASSET_SYMBOL_EXTENSIONS = YES;
				CLANG_ANALYZER_NONNULL = YES;
				CLANG_ANALYZER_NUMBER_OBJECT_CONVERSION = YES_AGGRESSIVE;
				CLANG_CXX_LANGUAGE_STANDARD = "gnu++20";
				CLANG_ENABLE_MODULES = YES;
				CLANG_ENABLE_OBJC_ARC = YES;
				CLANG_ENABLE_OBJC_WEAK = YES;
				CLANG_WARN_BLOCK_CAPTURE_AUTORELEASING = YES;
				CLANG_WARN_BOOL_CONVERSION = YES;
				CLANG_WARN_COMMA = YES;
				CLANG_WARN_CONSTANT_CONVERSION = YES;
				CLANG_WARN_DEPRECATED_OBJC_IMPLEMENTATIONS = YES;
				CLANG_WARN_DIRECT_OBJC_ISA_USAGE = YES_ERROR;
				CLANG_WARN_DOCUMENTATION_COMMENTS = YES;
				CLANG_WARN_EMPTY_BODY = YES;
				CLANG_WARN_ENUM_CONVERSION = YES;
				CLANG_WARN_INFINITE_RECURSION = YES;
				CLANG_WARN_INT_CONVERSION = YES;
				CLANG_WARN_NON_LITERAL_NULL_CONVERSION = YES;
				CLANG_WARN_OBJC_IMPLICIT_RETAIN_SELF = YES;
				CLANG_WARN_OBJC_LITERAL_CONVERSION = YES;
				CLANG_WARN_OBJC_ROOT_CLASS = YES_ERROR;
				CLANG_WARN_QUOTED_INCLUDE_IN_FRAMEWORK_HEADER = YES;
				CLANG_WARN_RANGE_LOOP_ANALYSIS = YES;
				CLANG_WARN_STRICT_PROTOTYPES = YES;
				CLANG_WARN_SUSPICIOUS_MOVE = YES;
				CLANG_WARN_UNGUARDED_AVAILABILITY = YES_AGGRESSIVE;
				CLANG_WARN_UNREACHABLE_CODE = YES;
				CLANG_WARN__DUPLICATE_METHOD_MATCH = YES;
				COPY_PHASE_STRIP = NO;
				DEBUG_INFORMATION_FORMAT = "dwarf-with-dsym";
				ENABLE_NS_ASSERTIONS = NO;
				ENABLE_STRICT_OBJC_MSGSEND = YES;
				ENABLE_USER_SCRIPT_SANDBOXING = YES;
				GCC_C_LANGUAGE_STANDARD = gnu17;
				GCC_NO_COMMON_BLOCKS = YES;
				GCC_WARN_64_TO_32_BIT_CONVERSION = YES;
				GCC_WARN_ABOUT_RETURN_TYPE = YES_ERROR;
				GCC_WARN_UNDECLARED_SELECTOR = YES;
				GCC_WARN_UNINITIALIZED_AUTOS = YES_AGGRESSIVE;
				GCC_WARN_UNUSED_FUNCTION = YES;
				GCC_WARN_UNUSED_VARIABLE = YES;
				LOCALIZATION_PREFERS_STRING_CATALOGS = YES;
				MTL_ENABLE_DEBUG_INFO = NO;
				MTL_FAST_MATH = YES;
				SWIFT_COMPILATION_MODE = wholemodule;
				SWIFT_OBJC_BRIDGING_HEADER = "$(SRCROOT)/SparklingGo/SparklingGo/Bridging-Header.h";
			};
			name = Release;
		};
		44B59AAD2DE9042100A05B89 /* Debug */ = {
			isa = XCBuildConfiguration;
			baseConfigurationReference = E28DB50001F3EFBF06162E18 /* Pods-SparklingGo.debug.xcconfig */;
			buildSettings = {
				ASSETCATALOG_COMPILER_APPICON_NAME = AppIcon;
				ASSETCATALOG_COMPILER_GLOBAL_ACCENT_COLOR_NAME = AccentColor;
				CODE_SIGNING_ALLOWED = NO;
				CODE_SIGN_ENTITLEMENTS = "";
				CODE_SIGN_STYLE = Automatic;
				CURRENT_PROJECT_VERSION = 1;
				DEVELOPMENT_TEAM = RL87M95CBB;
				ENABLE_PREVIEWS = YES;
				ENABLE_USER_SCRIPT_SANDBOXING = NO;
				GENERATE_INFOPLIST_FILE = YES;
				INFOPLIST_FILE = Info.plist;
				INFOPLIST_KEY_CFBundleDisplayName = "Hot Updater Lynx";
				INFOPLIST_KEY_NSPhotoLibraryUsageDescription = "This app needs access to the photo library to save downloaded images.";
				"INFOPLIST_KEY_UIApplicationSceneManifest_Generation[sdk=iphoneos*]" = YES;
				"INFOPLIST_KEY_UIApplicationSceneManifest_Generation[sdk=iphonesimulator*]" = YES;
				"INFOPLIST_KEY_UIApplicationSupportsIndirectInputEvents[sdk=iphoneos*]" = YES;
				"INFOPLIST_KEY_UIApplicationSupportsIndirectInputEvents[sdk=iphonesimulator*]" = YES;
				"INFOPLIST_KEY_UILaunchScreen_Generation[sdk=iphoneos*]" = YES;
				"INFOPLIST_KEY_UILaunchScreen_Generation[sdk=iphonesimulator*]" = YES;
				"INFOPLIST_KEY_UIStatusBarStyle[sdk=iphoneos*]" = UIStatusBarStyleDefault;
				"INFOPLIST_KEY_UIStatusBarStyle[sdk=iphonesimulator*]" = UIStatusBarStyleDefault;
				INFOPLIST_KEY_UISupportedInterfaceOrientations_iPad = "UIInterfaceOrientationPortrait UIInterfaceOrientationPortraitUpsideDown UIInterfaceOrientationLandscapeLeft UIInterfaceOrientationLandscapeRight";
				INFOPLIST_KEY_UISupportedInterfaceOrientations_iPhone = "UIInterfaceOrientationPortrait UIInterfaceOrientationLandscapeLeft UIInterfaceOrientationLandscapeRight";
				IPHONEOS_DEPLOYMENT_TARGET = 15.0;
				LD_RUNPATH_SEARCH_PATHS = "@executable_path/Frameworks";
				"LD_RUNPATH_SEARCH_PATHS[sdk=macosx*]" = "@executable_path/../Frameworks";
				MACOSX_DEPLOYMENT_TARGET = 14.6;
				MARKETING_VERSION = 1.0;
				PRODUCT_BUNDLE_IDENTIFIER = com.hotupdater.lynxexample;
				PRODUCT_NAME = "$(TARGET_NAME)";
				SDKROOT = auto;
				SUPPORTED_PLATFORMS = "iphoneos iphonesimulator macosx xros xrsimulator";
				SWIFT_EMIT_LOC_STRINGS = YES;
				SWIFT_OBJC_BRIDGING_HEADER = "$(SRCROOT)/SparklingGo/SparklingGo/Bridging-Header.h";
				SWIFT_VERSION = 5.0;
				TARGETED_DEVICE_FAMILY = "1,2,7";
				XROS_DEPLOYMENT_TARGET = 2.1;
			};
			name = Debug;
		};
		44B59AAE2DE9042100A05B89 /* Release */ = {
			isa = XCBuildConfiguration;
			baseConfigurationReference = 8CA3C88BC922913EC94B79D5 /* Pods-SparklingGo.release.xcconfig */;
			buildSettings = {
				ASSETCATALOG_COMPILER_APPICON_NAME = AppIcon;
				ASSETCATALOG_COMPILER_GLOBAL_ACCENT_COLOR_NAME = AccentColor;
				CODE_SIGNING_ALLOWED = NO;
				CODE_SIGN_ENTITLEMENTS = "";
				CODE_SIGN_STYLE = Automatic;
				CURRENT_PROJECT_VERSION = 1;
				DEVELOPMENT_TEAM = RL87M95CBB;
				ENABLE_PREVIEWS = YES;
				ENABLE_USER_SCRIPT_SANDBOXING = NO;
				GENERATE_INFOPLIST_FILE = YES;
				INFOPLIST_FILE = Info.plist;
				INFOPLIST_KEY_CFBundleDisplayName = "Hot Updater Lynx";
				INFOPLIST_KEY_NSPhotoLibraryUsageDescription = "This app needs access to the photo library to save downloaded images.";
				"INFOPLIST_KEY_UIApplicationSceneManifest_Generation[sdk=iphoneos*]" = YES;
				"INFOPLIST_KEY_UIApplicationSceneManifest_Generation[sdk=iphonesimulator*]" = YES;
				"INFOPLIST_KEY_UIApplicationSupportsIndirectInputEvents[sdk=iphoneos*]" = YES;
				"INFOPLIST_KEY_UIApplicationSupportsIndirectInputEvents[sdk=iphonesimulator*]" = YES;
				"INFOPLIST_KEY_UILaunchScreen_Generation[sdk=iphoneos*]" = YES;
				"INFOPLIST_KEY_UILaunchScreen_Generation[sdk=iphonesimulator*]" = YES;
				"INFOPLIST_KEY_UIStatusBarStyle[sdk=iphoneos*]" = UIStatusBarStyleDefault;
				"INFOPLIST_KEY_UIStatusBarStyle[sdk=iphonesimulator*]" = UIStatusBarStyleDefault;
				INFOPLIST_KEY_UISupportedInterfaceOrientations_iPad = "UIInterfaceOrientationPortrait UIInterfaceOrientationPortraitUpsideDown UIInterfaceOrientationLandscapeLeft UIInterfaceOrientationLandscapeRight";
				INFOPLIST_KEY_UISupportedInterfaceOrientations_iPhone = "UIInterfaceOrientationPortrait UIInterfaceOrientationLandscapeLeft UIInterfaceOrientationLandscapeRight";
				IPHONEOS_DEPLOYMENT_TARGET = 15.0;
				LD_RUNPATH_SEARCH_PATHS = "@executable_path/Frameworks";
				"LD_RUNPATH_SEARCH_PATHS[sdk=macosx*]" = "@executable_path/../Frameworks";
				MACOSX_DEPLOYMENT_TARGET = 14.6;
				MARKETING_VERSION = 1.0;
				PRODUCT_BUNDLE_IDENTIFIER = com.hotupdater.lynxexample;
				PRODUCT_NAME = "$(TARGET_NAME)";
				SDKROOT = auto;
				SUPPORTED_PLATFORMS = "iphoneos iphonesimulator macosx xros xrsimulator";
				SWIFT_EMIT_LOC_STRINGS = YES;
				SWIFT_OBJC_BRIDGING_HEADER = "$(SRCROOT)/SparklingGo/SparklingGo/Bridging-Header.h";
				SWIFT_VERSION = 5.0;
				TARGETED_DEVICE_FAMILY = "1,2,7";
				XROS_DEPLOYMENT_TARGET = 2.1;
			};
			name = Release;
		};
/* End XCBuildConfiguration section */

/* Begin XCConfigurationList section */
		44B59A822DE9041F00A05B89 /* Build configuration list for PBXProject "SparklingGo" */ = {
			isa = XCConfigurationList;
			buildConfigurations = (
				44B59AAA2DE9042100A05B89 /* Debug */,
				44B59AAB2DE9042100A05B89 /* Release */,
			);
			defaultConfigurationIsVisible = 0;
			defaultConfigurationName = Release;
		};
		44B59AAC2DE9042100A05B89 /* Build configuration list for PBXNativeTarget "SparklingGo" */ = {
			isa = XCConfigurationList;
			buildConfigurations = (
				44B59AAD2DE9042100A05B89 /* Debug */,
				44B59AAE2DE9042100A05B89 /* Release */,
			);
			defaultConfigurationIsVisible = 0;
			defaultConfigurationName = Release;
		};
/* End XCConfigurationList section */
	};
	rootObject = 44B59A7F2DE9041F00A05B89 /* Project object */;
}
